
Microsoft Visual Studio Solution File, Format Version 12.00
# Visual Studio Version 16
VisualStudioVersion = 16.0.33423.256
MinimumVisualStudioVersion = 10.0.40219.1
Project("{FAE04EC0-301F-11D3-BF4B-00C04F79EFBC}") = "Semana4", "Semana4\Semana4.csproj", "{5FA3D531-0D28-4F39-AC08-4DC22AF7712A}"
EndProject
Global
	GlobalSection(SolutionConfigurationPlatforms) = preSolution
		Debug|Any CPU = Debug|Any CPU
		Release|Any CPU = Release|Any CPU
	EndGlobalSection
	GlobalSection(ProjectConfigurationPlatforms) = postSolution
		{5FA3D531-0D28-4F39-AC08-4DC22AF7712A}.Debug|Any CPU.ActiveCfg = Debug|Any CPU
		{5FA3D531-0D28-4F39-AC08-4DC22AF7712A}.Debug|Any CPU.Build.0 = Debug|Any CPU
		{5FA3D531-0D28-4F39-AC08-4DC22AF7712A}.Release|Any CPU.ActiveCfg = Release|Any CPU
		{5FA3D531-0D28-4F39-AC08-4DC22AF7712A}.Release|Any CPU.Build.0 = Release|Any CPU
	EndGlobalSection
	GlobalSection(SolutionProperties) = preSolution
		HideSolutionNode = FALSE
	EndGlobalSection
	GlobalSection(ExtensibilityGlobals) = postSolution
		SolutionGuid = {947F42C1-CEB8-43A2-8897-83ED2B4F4E14}
	EndGlobalSection
EndGlobal
